
Microsoft Visual Studio Solution File, Format Version 12.00
# Visual Studio Version 16
VisualStudioVersion = 16.0.29318.209
MinimumVisualStudioVersion = 10.0.40219.1
Project("{FAE04EC0-301F-11D3-BF4B-00C04F79EFBC}") = "WindowsFormsApp4", "WindowsFormsApp4\WindowsFormsApp4.csproj", "{67412E26-C4F3-4D55-BB5C-ADED111FAFDF}"
EndProject
Global
	GlobalSection(SolutionConfigurationPlatforms) = preSolution
		Debug|Any CPU = Debug|Any CPU
		Release|Any CPU = Release|Any CPU
	EndGlobalSection
	GlobalSection(ProjectConfigurationPlatforms) = postSolution
		{67412E26-C4F3-4D55-BB5C-ADED111FAFDF}.Debug|Any CPU.ActiveCfg = Debug|Any CPU
		{67412E26-C4F3-4D55-BB5C-ADED111FAFDF}.Debug|Any CPU.Build.0 = Debug|Any CPU
		{67412E26-C4F3-4D55-BB5C-ADED111FAFDF}.Release|Any CPU.ActiveCfg = Release|Any CPU
		{67412E26-C4F3-4D55-BB5C-ADED111FAFDF}.Release|Any CPU.Build.0 = Release|Any CPU
	EndGlobalSection
	GlobalSection(SolutionProperties) = preSolution
		HideSolutionNode = FALSE
	EndGlobalSection
	GlobalSection(ExtensibilityGlobals) = postSolution
		SolutionGuid = {2E290F2D-6E8C-40D3-8A2B-2596C19A2FF5}
	EndGlobalSection
EndGlobal
